
Microsoft Visual Studio Solution File, Format Version 12.00
# Visual Studio Version 16
VisualStudioVersion = 16.0.30804.86
MinimumVisualStudioVersion = 10.0.40219.1
Project("{FAE04EC0-301F-11D3-BF4B-00C04F79EFBC}") = "IT207N_Week10PizzaSystem", "IT207N_Week10PizzaSystem.csproj", "{CB5E04B3-951C-4127-85B6-160BE92C1CB1}"
EndProject
Global
	GlobalSection(SolutionConfigurationPlatforms) = preSolution
		Debug|Any CPU = Debug|Any CPU
		Release|Any CPU = Release|Any CPU
	EndGlobalSection
	GlobalSection(ProjectConfigurationPlatforms) = postSolution
		{CB5E04B3-951C-4127-85B6-160BE92C1CB1}.Debug|Any CPU.ActiveCfg = Debug|Any CPU
		{CB5E04B3-951C-4127-85B6-160BE92C1CB1}.Debug|Any CPU.Build.0 = Debug|Any CPU
		{CB5E04B3-951C-4127-85B6-160BE92C1CB1}.Release|Any CPU.ActiveCfg = Release|Any CPU
		{CB5E04B3-951C-4127-85B6-160BE92C1CB1}.Release|Any CPU.Build.0 = Release|Any CPU
	EndGlobalSection
	GlobalSection(SolutionProperties) = preSolution
		HideSolutionNode = FALSE
	EndGlobalSection
	GlobalSection(ExtensibilityGlobals) = postSolution
		SolutionGuid = {855056D7-3270-481D-9A22-85A3993D29B0}
	EndGlobalSection
EndGlobal
